
Microsoft Visual Studio Solution File, Format Version 12.00
# Visual Studio Version 16
VisualStudioVersion = 16.0.29509.3
MinimumVisualStudioVersion = 10.0.40219.1
Project("{FAE04EC0-301F-11D3-BF4B-00C04F79EFBC}") = "DapperDemoUI", "DapperDemoUI\DapperDemoUI.csproj", "{B1A4FF54-D1F3-4DF4-A020-7646576CDFD4}"
EndProject
Global
	GlobalSection(SolutionConfigurationPlatforms) = preSolution
		Debug|Any CPU = Debug|Any CPU
		Release|Any CPU = Release|Any CPU
	EndGlobalSection
	GlobalSection(ProjectConfigurationPlatforms) = postSolution
		{B1A4FF54-D1F3-4DF4-A020-7646576CDFD4}.Debug|Any CPU.ActiveCfg = Debug|Any CPU
		{B1A4FF54-D1F3-4DF4-A020-7646576CDFD4}.Debug|Any CPU.Build.0 = Debug|Any CPU
		{B1A4FF54-D1F3-4DF4-A020-7646576CDFD4}.Release|Any CPU.ActiveCfg = Release|Any CPU
		{B1A4FF54-D1F3-4DF4-A020-7646576CDFD4}.Release|Any CPU.Build.0 = Release|Any CPU
	EndGlobalSection
	GlobalSection(SolutionProperties) = preSolution
		HideSolutionNode = FALSE
	EndGlobalSection
	GlobalSection(ExtensibilityGlobals) = postSolution
		SolutionGuid = {78F92536-4A22-411D-AA71-2B60E1879A6B}
	EndGlobalSection
EndGlobal
